
Microsoft Visual Studio Solution File, Format Version 12.00
# Visual Studio Version 16
VisualStudioVersion = 16.0.30711.63
MinimumVisualStudioVersion = 10.0.40219.1
Project("{FAE04EC0-301F-11D3-BF4B-00C04F79EFBC}") = "PSI - Louis - Meric", "PSI - Louis - Meric\PSI - Louis - Meric.csproj", "{6567C365-9C60-407A-BF21-1911C061B439}"
EndProject
Project("{FAE04EC0-301F-11D3-BF4B-00C04F79EFBC}") = "Présentation Forms", "Présentation Forms\Présentation Forms.csproj", "{66D5E3EF-6973-4F4B-8595-3BAFFD8224B1}"
EndProject
Global
	GlobalSection(SolutionConfigurationPlatforms) = preSolution
		Debug|Any CPU = Debug|Any CPU
		Release|Any CPU = Release|Any CPU
	EndGlobalSection
	GlobalSection(ProjectConfigurationPlatforms) = postSolution
		{6567C365-9C60-407A-BF21-1911C061B439}.Debug|Any CPU.ActiveCfg = Debug|Any CPU
		{6567C365-9C60-407A-BF21-1911C061B439}.Debug|Any CPU.Build.0 = Debug|Any CPU
		{6567C365-9C60-407A-BF21-1911C061B439}.Release|Any CPU.ActiveCfg = Release|Any CPU
		{6567C365-9C60-407A-BF21-1911C061B439}.Release|Any CPU.Build.0 = Release|Any CPU
		{66D5E3EF-6973-4F4B-8595-3BAFFD8224B1}.Debug|Any CPU.ActiveCfg = Debug|Any CPU
		{66D5E3EF-6973-4F4B-8595-3BAFFD8224B1}.Debug|Any CPU.Build.0 = Debug|Any CPU
		{66D5E3EF-6973-4F4B-8595-3BAFFD8224B1}.Release|Any CPU.ActiveCfg = Release|Any CPU
		{66D5E3EF-6973-4F4B-8595-3BAFFD8224B1}.Release|Any CPU.Build.0 = Release|Any CPU
	EndGlobalSection
	GlobalSection(SolutionProperties) = preSolution
		HideSolutionNode = FALSE
	EndGlobalSection
	GlobalSection(ExtensibilityGlobals) = postSolution
		SolutionGuid = {BE635C6D-50BE-430A-8EC5-BBC981C4536F}
	EndGlobalSection
EndGlobal
